
Microsoft Visual Studio Solution File, Format Version 12.00
# Visual Studio Version 16
VisualStudioVersion = 16.0.31702.278
MinimumVisualStudioVersion = 10.0.40219.1
Project("{9A19103F-16F7-4668-BE54-9A1E7A4F7556}") = "CoreDemo", "CoreDemo\CoreDemo.csproj", "{8C43F7AE-884B-4C4D-8131-DF23408ABA99}"
EndProject
Project("{FAE04EC0-301F-11D3-BF4B-00C04F79EFBC}") = "Entities", "Entities\Entities.csproj", "{43849CAF-745F-48B2-8617-D2FD0E56562D}"
EndProject
Project("{FAE04EC0-301F-11D3-BF4B-00C04F79EFBC}") = "DataAccess", "DataAccess\DataAccess.csproj", "{61454487-2A04-4159-8309-A20383355662}"
EndProject
Project("{FAE04EC0-301F-11D3-BF4B-00C04F79EFBC}") = "Business", "Business\Business.csproj", "{19ED0B74-C66F-4B31-875D-0E3C5EBFBFD2}"
EndProject
Project("{FAE04EC0-301F-11D3-BF4B-00C04F79EFBC}") = "Core", "Core\Core.csproj", "{7F85440A-DBA5-4C0D-9636-F08A0E943C4E}"
EndProject
Global
	GlobalSection(SolutionConfigurationPlatforms) = preSolution
		Debug|Any CPU = Debug|Any CPU
		Release|Any CPU = Release|Any CPU
	EndGlobalSection
	GlobalSection(ProjectConfigurationPlatforms) = postSolution
		{8C43F7AE-884B-4C4D-8131-DF23408ABA99}.Debug|Any CPU.ActiveCfg = Debug|Any CPU
		{8C43F7AE-884B-4C4D-8131-DF23408ABA99}.Debug|Any CPU.Build.0 = Debug|Any CPU
		{8C43F7AE-884B-4C4D-8131-DF23408ABA99}.Release|Any CPU.ActiveCfg = Release|Any CPU
		{8C43F7AE-884B-4C4D-8131-DF23408ABA99}.Release|Any CPU.Build.0 = Release|Any CPU
		{43849CAF-745F-48B2-8617-D2FD0E56562D}.Debug|Any CPU.ActiveCfg = Debug|Any CPU
		{43849CAF-745F-48B2-8617-D2FD0E56562D}.Debug|Any CPU.Build.0 = Debug|Any CPU
		{43849CAF-745F-48B2-8617-D2FD0E56562D}.Release|Any CPU.ActiveCfg = Release|Any CPU
		{43849CAF-745F-48B2-8617-D2FD0E56562D}.Release|Any CPU.Build.0 = Release|Any CPU
		{61454487-2A04-4159-8309-A20383355662}.Debug|Any CPU.ActiveCfg = Debug|Any CPU
		{61454487-2A04-4159-8309-A20383355662}.Debug|Any CPU.Build.0 = Debug|Any CPU
		{61454487-2A04-4159-8309-A20383355662}.Release|Any CPU.ActiveCfg = Release|Any CPU
		{61454487-2A04-4159-8309-A20383355662}.Release|Any CPU.Build.0 = Release|Any CPU
		{19ED0B74-C66F-4B31-875D-0E3C5EBFBFD2}.Debug|Any CPU.ActiveCfg = Debug|Any CPU
		{19ED0B74-C66F-4B31-875D-0E3C5EBFBFD2}.Debug|Any CPU.Build.0 = Debug|Any CPU
		{19ED0B74-C66F-4B31-875D-0E3C5EBFBFD2}.Release|Any CPU.ActiveCfg = Release|Any CPU
		{19ED0B74-C66F-4B31-875D-0E3C5EBFBFD2}.Release|Any CPU.Build.0 = Release|Any CPU
		{7F85440A-DBA5-4C0D-9636-F08A0E943C4E}.Debug|Any CPU.ActiveCfg = Debug|Any CPU
		{7F85440A-DBA5-4C0D-9636-F08A0E943C4E}.Debug|Any CPU.Build.0 = Debug|Any CPU
		{7F85440A-DBA5-4C0D-9636-F08A0E943C4E}.Release|Any CPU.ActiveCfg = Release|Any CPU
		{7F85440A-DBA5-4C0D-9636-F08A0E943C4E}.Release|Any CPU.Build.0 = Release|Any CPU
	EndGlobalSection
	GlobalSection(SolutionProperties) = preSolution
		HideSolutionNode = FALSE
	EndGlobalSection
	GlobalSection(ExtensibilityGlobals) = postSolution
		SolutionGuid = {54682481-B661-4A63-8109-1A00B77B68D8}
	EndGlobalSection
EndGlobal
